
Microsoft Visual Studio Solution File, Format Version 12.00
# Visual Studio 15
VisualStudioVersion = 15.0.28010.2036
MinimumVisualStudioVersion = 10.0.40219.1
Project("{8BC9CEB8-8B4A-11D0-8D11-00A0C91BC942}") = "libga", "libga\libga.vcxproj", "{04C6CB4E-10AB-45F3-A6AB-C6EBA3CF4FB3}"
EndProject
Project("{8BC9CEB8-8B4A-11D0-8D11-00A0C91BC942}") = "ga-client", "ga-client\ga-client.vcxproj", "{E550D146-096F-4D37-9645-C3E05C84C76E}"
	ProjectSection(ProjectDependencies) = postProject
		{04C6CB4E-10AB-45F3-A6AB-C6EBA3CF4FB3} = {04C6CB4E-10AB-45F3-A6AB-C6EBA3CF4FB3}
		{8178D7AF-1009-4E15-9BFB-38DFA0EDD69B} = {8178D7AF-1009-4E15-9BFB-38DFA0EDD69B}
	EndProjectSection
EndProject
Project("{8BC9CEB8-8B4A-11D0-8D11-00A0C91BC942}") = "asource-system", "module-asource-system\module-asource-system.vcxproj", "{E69DC28E-2CF3-4921-9E25-7DC3AC653A6A}"
	ProjectSection(ProjectDependencies) = postProject
		{04C6CB4E-10AB-45F3-A6AB-C6EBA3CF4FB3} = {04C6CB4E-10AB-45F3-A6AB-C6EBA3CF4FB3}
	EndProjectSection
EndProject
Project("{8BC9CEB8-8B4A-11D0-8D11-00A0C91BC942}") = "ctrl-sdl", "module-ctrl-sdl\module-ctrl-sdl.vcxproj", "{0BC477B4-82FA-421F-9CBE-C4231CCE228A}"
	ProjectSection(ProjectDependencies) = postProject
		{04C6CB4E-10AB-45F3-A6AB-C6EBA3CF4FB3} = {04C6CB4E-10AB-45F3-A6AB-C6EBA3CF4FB3}
	EndProjectSection
EndProject
Project("{8BC9CEB8-8B4A-11D0-8D11-00A0C91BC942}") = "encoder-audio", "module-encoder-audio\module-encoder-audio.vcxproj", "{0170413D-E98B-441E-B7E4-791DABF301FF}"
	ProjectSection(ProjectDependencies) = postProject
		{04C6CB4E-10AB-45F3-A6AB-C6EBA3CF4FB3} = {04C6CB4E-10AB-45F3-A6AB-C6EBA3CF4FB3}
	EndProjectSection
EndProject
Project("{8BC9CEB8-8B4A-11D0-8D11-00A0C91BC942}") = "filter-rgb2yuv", "module-filter-rgb2yuv\module-filter-rgb2yuv.vcxproj", "{B40B1739-8B53-47E9-8194-010C7C464740}"
	ProjectSection(ProjectDependencies) = postProject
		{04C6CB4E-10AB-45F3-A6AB-C6EBA3CF4FB3} = {04C6CB4E-10AB-45F3-A6AB-C6EBA3CF4FB3}
	EndProjectSection
EndProject
Project("{8BC9CEB8-8B4A-11D0-8D11-00A0C91BC942}") = "ga-server-event-driven", "ga-server-event-driven\ga-server-event-driven.vcxproj", "{A6DA9F42-71E2-4F30-A797-17BB3D2929B6}"
	ProjectSection(ProjectDependencies) = postProject
		{04C6CB4E-10AB-45F3-A6AB-C6EBA3CF4FB3} = {04C6CB4E-10AB-45F3-A6AB-C6EBA3CF4FB3}
	EndProjectSection
EndProject
Project("{8BC9CEB8-8B4A-11D0-8D11-00A0C91BC942}") = "ga-hook", "ga-hook\ga-hook.vcxproj", "{EACEE870-A658-4AD9-B91D-87A8677CD692}"
	ProjectSection(ProjectDependencies) = postProject
		{04C6CB4E-10AB-45F3-A6AB-C6EBA3CF4FB3} = {04C6CB4E-10AB-45F3-A6AB-C6EBA3CF4FB3}
	EndProjectSection
EndProject
Project("{8BC9CEB8-8B4A-11D0-8D11-00A0C91BC942}") = "server-live555", "module-server-live555\server-live555.vcxproj", "{827389A0-7407-40A6-90E9-843BC327236D}"
	ProjectSection(ProjectDependencies) = postProject
		{04C6CB4E-10AB-45F3-A6AB-C6EBA3CF4FB3} = {04C6CB4E-10AB-45F3-A6AB-C6EBA3CF4FB3}
		{8178D7AF-1009-4E15-9BFB-38DFA0EDD69B} = {8178D7AF-1009-4E15-9BFB-38DFA0EDD69B}
	EndProjectSection
EndProject
Project("{8BC9CEB8-8B4A-11D0-8D11-00A0C91BC942}") = "encoder-mfx", "module-encoder-mfx\module-encoder-mfx.vcxproj", "{00E0DDED-B305-48A9-AC23-0A8B76B05F0D}"
	ProjectSection(ProjectDependencies) = postProject
		{04C6CB4E-10AB-45F3-A6AB-C6EBA3CF4FB3} = {04C6CB4E-10AB-45F3-A6AB-C6EBA3CF4FB3}
	EndProjectSection
EndProject
Project("{8BC9CEB8-8B4A-11D0-8D11-00A0C91BC942}") = "gpa-hook", "gpa-hook\gpa-hook.vcxproj", "{35AA1B79-3DFF-33C0-B9DF-CA7848C19698}"
	ProjectSection(ProjectDependencies) = postProject
		{04C6CB4E-10AB-45F3-A6AB-C6EBA3CF4FB3} = {04C6CB4E-10AB-45F3-A6AB-C6EBA3CF4FB3}
	EndProjectSection
EndProject
Project("{8BC9CEB8-8B4A-11D0-8D11-00A0C91BC942}") = "ga-server-manager", "ga-server-manager\ga-server-manager.vcxproj", "{0976135A-CDBA-45B7-A63D-E0BADF1F3E37}"
EndProject
Project("{FAE04EC0-301F-11D3-BF4B-00C04F79EFBC}") = "download-extra-elements", "download-extra-elements\download-extra-elements.csproj", "{25E0FAA7-D6A2-4F1E-A2A4-8A356DF93701}"
EndProject
Project("{930C7802-8A8C-48F9-8165-68863BCCD9DD}") = "CloudGamingForWindows", "CloudGamingForWindows\CloudGamingForWindows.wixproj", "{2B5D8C36-3E1F-4795-93CB-BAA462614223}"
	ProjectSection(ProjectDependencies) = postProject
		{B40B1739-8B53-47E9-8194-010C7C464740} = {B40B1739-8B53-47E9-8194-010C7C464740}
		{0170413D-E98B-441E-B7E4-791DABF301FF} = {0170413D-E98B-441E-B7E4-791DABF301FF}
		{A6DA9F42-71E2-4F30-A797-17BB3D2929B6} = {A6DA9F42-71E2-4F30-A797-17BB3D2929B6}
		{E550D146-096F-4D37-9645-C3E05C84C76E} = {E550D146-096F-4D37-9645-C3E05C84C76E}
		{04C6CB4E-10AB-45F3-A6AB-C6EBA3CF4FB3} = {04C6CB4E-10AB-45F3-A6AB-C6EBA3CF4FB3}
		{0976135A-CDBA-45B7-A63D-E0BADF1F3E37} = {0976135A-CDBA-45B7-A63D-E0BADF1F3E37}
		{EACEE870-A658-4AD9-B91D-87A8677CD692} = {EACEE870-A658-4AD9-B91D-87A8677CD692}
		{35AA1B79-3DFF-33C0-B9DF-CA7848C19698} = {35AA1B79-3DFF-33C0-B9DF-CA7848C19698}
		{E69DC28E-2CF3-4921-9E25-7DC3AC653A6A} = {E69DC28E-2CF3-4921-9E25-7DC3AC653A6A}
		{827389A0-7407-40A6-90E9-843BC327236D} = {827389A0-7407-40A6-90E9-843BC327236D}
		{25E0FAA7-D6A2-4F1E-A2A4-8A356DF93701} = {25E0FAA7-D6A2-4F1E-A2A4-8A356DF93701}
		{0BC477B4-82FA-421F-9CBE-C4231CCE228A} = {0BC477B4-82FA-421F-9CBE-C4231CCE228A}
		{00E0DDED-B305-48A9-AC23-0A8B76B05F0D} = {00E0DDED-B305-48A9-AC23-0A8B76B05F0D}
	EndProjectSection
EndProject
Project("{930C7802-8A8C-48F9-8165-68863BCCD9DD}") = "CloudGamingForWindowsInstaller", "CloudGamingForWindowsInstaller\CloudGamingForWindowsInstaller.wixproj", "{A4BD3E42-5B0E-4E1A-86D1-6CF2F8DB97C1}"
	ProjectSection(ProjectDependencies) = postProject
		{B40B1739-8B53-47E9-8194-010C7C464740} = {B40B1739-8B53-47E9-8194-010C7C464740}
		{0170413D-E98B-441E-B7E4-791DABF301FF} = {0170413D-E98B-441E-B7E4-791DABF301FF}
		{A6DA9F42-71E2-4F30-A797-17BB3D2929B6} = {A6DA9F42-71E2-4F30-A797-17BB3D2929B6}
		{E550D146-096F-4D37-9645-C3E05C84C76E} = {E550D146-096F-4D37-9645-C3E05C84C76E}
		{04C6CB4E-10AB-45F3-A6AB-C6EBA3CF4FB3} = {04C6CB4E-10AB-45F3-A6AB-C6EBA3CF4FB3}
		{0976135A-CDBA-45B7-A63D-E0BADF1F3E37} = {0976135A-CDBA-45B7-A63D-E0BADF1F3E37}
		{EACEE870-A658-4AD9-B91D-87A8677CD692} = {EACEE870-A658-4AD9-B91D-87A8677CD692}
		{35AA1B79-3DFF-33C0-B9DF-CA7848C19698} = {35AA1B79-3DFF-33C0-B9DF-CA7848C19698}
		{E69DC28E-2CF3-4921-9E25-7DC3AC653A6A} = {E69DC28E-2CF3-4921-9E25-7DC3AC653A6A}
		{827389A0-7407-40A6-90E9-843BC327236D} = {827389A0-7407-40A6-90E9-843BC327236D}
		{25E0FAA7-D6A2-4F1E-A2A4-8A356DF93701} = {25E0FAA7-D6A2-4F1E-A2A4-8A356DF93701}
		{0BC477B4-82FA-421F-9CBE-C4231CCE228A} = {0BC477B4-82FA-421F-9CBE-C4231CCE228A}
		{00E0DDED-B305-48A9-AC23-0A8B76B05F0D} = {00E0DDED-B305-48A9-AC23-0A8B76B05F0D}
	EndProjectSection
EndProject
Project("{8BC9CEB8-8B4A-11D0-8D11-00A0C91BC942}") = "live555-adapter", "live555-adapter\live555-adapter.vcxproj", "{8178D7AF-1009-4E15-9BFB-38DFA0EDD69B}"
EndProject
Global
	GlobalSection(SolutionConfigurationPlatforms) = preSolution
		Debug|Any CPU = Debug|Any CPU
		Debug|Win32 = Debug|Win32
		Debug|x64 = Debug|x64
		Debug|x86 = Debug|x86
		Release|Any CPU = Release|Any CPU
		Release|Win32 = Release|Win32
		Release|x64 = Release|x64
		Release|x86 = Release|x86
	EndGlobalSection
	GlobalSection(ProjectConfigurationPlatforms) = postSolution
		{04C6CB4E-10AB-45F3-A6AB-C6EBA3CF4FB3}.Debug|Any CPU.ActiveCfg = Debug|Win32
		{04C6CB4E-10AB-45F3-A6AB-C6EBA3CF4FB3}.Debug|Win32.ActiveCfg = Debug|Win32
		{04C6CB4E-10AB-45F3-A6AB-C6EBA3CF4FB3}.Debug|Win32.Build.0 = Debug|Win32
		{04C6CB4E-10AB-45F3-A6AB-C6EBA3CF4FB3}.Debug|x64.ActiveCfg = Debug|x64
		{04C6CB4E-10AB-45F3-A6AB-C6EBA3CF4FB3}.Debug|x64.Build.0 = Debug|x64
		{04C6CB4E-10AB-45F3-A6AB-C6EBA3CF4FB3}.Debug|x86.ActiveCfg = Debug|Win32
		{04C6CB4E-10AB-45F3-A6AB-C6EBA3CF4FB3}.Debug|x86.Build.0 = Debug|Win32
		{04C6CB4E-10AB-45F3-A6AB-C6EBA3CF4FB3}.Release|Any CPU.ActiveCfg = Release|Win32
		{04C6CB4E-10AB-45F3-A6AB-C6EBA3CF4FB3}.Release|Win32.ActiveCfg = Release|Win32
		{04C6CB4E-10AB-45F3-A6AB-C6EBA3CF4FB3}.Release|Win32.Build.0 = Release|Win32
		{04C6CB4E-10AB-45F3-A6AB-C6EBA3CF4FB3}.Release|x64.ActiveCfg = Release|x64
		{04C6CB4E-10AB-45F3-A6AB-C6EBA3CF4FB3}.Release|x64.Build.0 = Release|x64
		{04C6CB4E-10AB-45F3-A6AB-C6EBA3CF4FB3}.Release|x86.ActiveCfg = Release|Win32
		{04C6CB4E-10AB-45F3-A6AB-C6EBA3CF4FB3}.Release|x86.Build.0 = Release|Win32
		{E550D146-096F-4D37-9645-C3E05C84C76E}.Debug|Any CPU.ActiveCfg = Debug|Win32
		{E550D146-096F-4D37-9645-C3E05C84C76E}.Debug|Win32.ActiveCfg = Debug|Win32
		{E550D146-096F-4D37-9645-C3E05C84C76E}.Debug|Win32.Build.0 = Debug|Win32
		{E550D146-096F-4D37-9645-C3E05C84C76E}.Debug|x64.ActiveCfg = Debug|x64
		{E550D146-096F-4D37-9645-C3E05C84C76E}.Debug|x64.Build.0 = Debug|x64
		{E550D146-096F-4D37-9645-C3E05C84C76E}.Debug|x86.ActiveCfg = Debug|Win32
		{E550D146-096F-4D37-9645-C3E05C84C76E}.Debug|x86.Build.0 = Debug|Win32
		{E550D146-096F-4D37-9645-C3E05C84C76E}.Release|Any CPU.ActiveCfg = Release|Win32
		{E550D146-096F-4D37-9645-C3E05C84C76E}.Release|Win32.ActiveCfg = Release|Win32
		{E550D146-096F-4D37-9645-C3E05C84C76E}.Release|Win32.Build.0 = Release|Win32
		{E550D146-096F-4D37-9645-C3E05C84C76E}.Release|x64.ActiveCfg = Release|x64
		{E550D146-096F-4D37-9645-C3E05C84C76E}.Release|x64.Build.0 = Release|x64
		{E550D146-096F-4D37-9645-C3E05C84C76E}.Release|x86.ActiveCfg = Release|Win32
		{E550D146-096F-4D37-9645-C3E05C84C76E}.Release|x86.Build.0 = Release|Win32
		{E69DC28E-2CF3-4921-9E25-7DC3AC653A6A}.Debug|Any CPU.ActiveCfg = Debug|Win32
		{E69DC28E-2CF3-4921-9E25-7DC3AC653A6A}.Debug|Win32.ActiveCfg = Debug|Win32
		{E69DC28E-2CF3-4921-9E25-7DC3AC653A6A}.Debug|Win32.Build.0 = Debug|Win32
		{E69DC28E-2CF3-4921-9E25-7DC3AC653A6A}.Debug|x64.ActiveCfg = Debug|x64
		{E69DC28E-2CF3-4921-9E25-7DC3AC653A6A}.Debug|x64.Build.0 = Debug|x64
		{E69DC28E-2CF3-4921-9E25-7DC3AC653A6A}.Debug|x86.ActiveCfg = Debug|Win32
		{E69DC28E-2CF3-4921-9E25-7DC3AC653A6A}.Debug|x86.Build.0 = Debug|Win32
		{E69DC28E-2CF3-4921-9E25-7DC3AC653A6A}.Release|Any CPU.ActiveCfg = Release|Win32
		{E69DC28E-2CF3-4921-9E25-7DC3AC653A6A}.Release|Win32.ActiveCfg = Release|Win32
		{E69DC28E-2CF3-4921-9E25-7DC3AC653A6A}.Release|Win32.Build.0 = Release|Win32
		{E69DC28E-2CF3-4921-9E25-7DC3AC653A6A}.Release|x64.ActiveCfg = Release|x64
		{E69DC28E-2CF3-4921-9E25-7DC3AC653A6A}.Release|x64.Build.0 = Release|x64
		{E69DC28E-2CF3-4921-9E25-7DC3AC653A6A}.Release|x86.ActiveCfg = Release|Win32
		{E69DC28E-2CF3-4921-9E25-7DC3AC653A6A}.Release|x86.Build.0 = Release|Win32
		{0BC477B4-82FA-421F-9CBE-C4231CCE228A}.Debug|Any CPU.ActiveCfg = Debug|Win32
		{0BC477B4-82FA-421F-9CBE-C4231CCE228A}.Debug|Win32.ActiveCfg = Debug|Win32
		{0BC477B4-82FA-421F-9CBE-C4231CCE228A}.Debug|Win32.Build.0 = Debug|Win32
		{0BC477B4-82FA-421F-9CBE-C4231CCE228A}.Debug|x64.ActiveCfg = Debug|x64
		{0BC477B4-82FA-421F-9CBE-C4231CCE228A}.Debug|x64.Build.0 = Debug|x64
		{0BC477B4-82FA-421F-9CBE-C4231CCE228A}.Debug|x86.ActiveCfg = Debug|Win32
		{0BC477B4-82FA-421F-9CBE-C4231CCE228A}.Debug|x86.Build.0 = Debug|Win32
		{0BC477B4-82FA-421F-9CBE-C4231CCE228A}.Release|Any CPU.ActiveCfg = Release|Win32
		{0BC477B4-82FA-421F-9CBE-C4231CCE228A}.Release|Win32.ActiveCfg = Release|Win32
		{0BC477B4-82FA-421F-9CBE-C4231CCE228A}.Release|Win32.Build.0 = Release|Win32
		{0BC477B4-82FA-421F-9CBE-C4231CCE228A}.Release|x64.ActiveCfg = Release|x64
		{0BC477B4-82FA-421F-9CBE-C4231CCE228A}.Release|x64.Build.0 = Release|x64
		{0BC477B4-82FA-421F-9CBE-C4231CCE228A}.Release|x86.ActiveCfg = Release|Win32
		{0BC477B4-82FA-421F-9CBE-C4231CCE228A}.Release|x86.Build.0 = Release|Win32
		{0170413D-E98B-441E-B7E4-791DABF301FF}.Debug|Any CPU.ActiveCfg = Debug|Win32
		{0170413D-E98B-441E-B7E4-791DABF301FF}.Debug|Win32.ActiveCfg = Debug|Win32
		{0170413D-E98B-441E-B7E4-791DABF301FF}.Debug|Win32.Build.0 = Debug|Win32
		{0170413D-E98B-441E-B7E4-791DABF301FF}.Debug|x64.ActiveCfg = Debug|x64
		{0170413D-E98B-441E-B7E4-791DABF301FF}.Debug|x64.Build.0 = Debug|x64
		{0170413D-E98B-441E-B7E4-791DABF301FF}.Debug|x86.ActiveCfg = Debug|Win32
		{0170413D-E98B-441E-B7E4-791DABF301FF}.Debug|x86.Build.0 = Debug|Win32
		{0170413D-E98B-441E-B7E4-791DABF301FF}.Release|Any CPU.ActiveCfg = Release|Win32
		{0170413D-E98B-441E-B7E4-791DABF301FF}.Release|Win32.ActiveCfg = Release|Win32
		{0170413D-E98B-441E-B7E4-791DABF301FF}.Release|Win32.Build.0 = Release|Win32
		{0170413D-E98B-441E-B7E4-791DABF301FF}.Release|x64.ActiveCfg = Release|x64
		{0170413D-E98B-441E-B7E4-791DABF301FF}.Release|x64.Build.0 = Release|x64
		{0170413D-E98B-441E-B7E4-791DABF301FF}.Release|x86.ActiveCfg = Release|Win32
		{0170413D-E98B-441E-B7E4-791DABF301FF}.Release|x86.Build.0 = Release|Win32
		{B40B1739-8B53-47E9-8194-010C7C464740}.Debug|Any CPU.ActiveCfg = Debug|Win32
		{B40B1739-8B53-47E9-8194-010C7C464740}.Debug|Win32.ActiveCfg = Debug|Win32
		{B40B1739-8B53-47E9-8194-010C7C464740}.Debug|Win32.Build.0 = Debug|Win32
		{B40B1739-8B53-47E9-8194-010C7C464740}.Debug|x64.ActiveCfg = Debug|x64
		{B40B1739-8B53-47E9-8194-010C7C464740}.Debug|x64.Build.0 = Debug|x64
		{B40B1739-8B53-47E9-8194-010C7C464740}.Debug|x86.ActiveCfg = Debug|Win32
		{B40B1739-8B53-47E9-8194-010C7C464740}.Debug|x86.Build.0 = Debug|Win32
		{B40B1739-8B53-47E9-8194-010C7C464740}.Release|Any CPU.ActiveCfg = Release|Win32
		{B40B1739-8B53-47E9-8194-010C7C464740}.Release|Win32.ActiveCfg = Release|Win32
		{B40B1739-8B53-47E9-8194-010C7C464740}.Release|Win32.Build.0 = Release|Win32
		{B40B1739-8B53-47E9-8194-010C7C464740}.Release|x64.ActiveCfg = Release|x64
		{B40B1739-8B53-47E9-8194-010C7C464740}.Release|x64.Build.0 = Release|x64
		{B40B1739-8B53-47E9-8194-010C7C464740}.Release|x86.ActiveCfg = Release|Win32
		{B40B1739-8B53-47E9-8194-010C7C464740}.Release|x86.Build.0 = Release|Win32
		{A6DA9F42-71E2-4F30-A797-17BB3D2929B6}.Debug|Any CPU.ActiveCfg = Debug|Win32
		{A6DA9F42-71E2-4F30-A797-17BB3D2929B6}.Debug|Win32.ActiveCfg = Debug|Win32
		{A6DA9F42-71E2-4F30-A797-17BB3D2929B6}.Debug|Win32.Build.0 = Debug|Win32
		{A6DA9F42-71E2-4F30-A797-17BB3D2929B6}.Debug|x64.ActiveCfg = Debug|x64
		{A6DA9F42-71E2-4F30-A797-17BB3D2929B6}.Debug|x64.Build.0 = Debug|x64
		{A6DA9F42-71E2-4F30-A797-17BB3D2929B6}.Debug|x86.ActiveCfg = Debug|Win32
		{A6DA9F42-71E2-4F30-A797-17BB3D2929B6}.Debug|x86.Build.0 = Debug|Win32
		{A6DA9F42-71E2-4F30-A797-17BB3D2929B6}.Release|Any CPU.ActiveCfg = Release|Win32
		{A6DA9F42-71E2-4F30-A797-17BB3D2929B6}.Release|Win32.ActiveCfg = Release|Win32
		{A6DA9F42-71E2-4F30-A797-17BB3D2929B6}.Release|Win32.Build.0 = Release|Win32
		{A6DA9F42-71E2-4F30-A797-17BB3D2929B6}.Release|x64.ActiveCfg = Release|x64
		{A6DA9F42-71E2-4F30-A797-17BB3D2929B6}.Release|x64.Build.0 = Release|x64
		{A6DA9F42-71E2-4F30-A797-17BB3D2929B6}.Release|x86.ActiveCfg = Release|Win32
		{A6DA9F42-71E2-4F30-A797-17BB3D2929B6}.Release|x86.Build.0 = Release|Win32
		{EACEE870-A658-4AD9-B91D-87A8677CD692}.Debug|Any CPU.ActiveCfg = Debug|Win32
		{EACEE870-A658-4AD9-B91D-87A8677CD692}.Debug|Win32.ActiveCfg = Debug|Win32
		{EACEE870-A658-4AD9-B91D-87A8677CD692}.Debug|Win32.Build.0 = Debug|Win32
		{EACEE870-A658-4AD9-B91D-87A8677CD692}.Debug|x64.ActiveCfg = Debug|x64
		{EACEE870-A658-4AD9-B91D-87A8677CD692}.Debug|x64.Build.0 = Debug|x64
		{EACEE870-A658-4AD9-B91D-87A8677CD692}.Debug|x86.ActiveCfg = Debug|Win32
		{EACEE870-A658-4AD9-B91D-87A8677CD692}.Debug|x86.Build.0 = Debug|Win32
		{EACEE870-A658-4AD9-B91D-87A8677CD692}.Release|Any CPU.ActiveCfg = Release|Win32
		{EACEE870-A658-4AD9-B91D-87A8677CD692}.Release|Win32.ActiveCfg = Release|Win32
		{EACEE870-A658-4AD9-B91D-87A8677CD692}.Release|Win32.Build.0 = Release|Win32
		{EACEE870-A658-4AD9-B91D-87A8677CD692}.Release|x64.ActiveCfg = Release|x64
		{EACEE870-A658-4AD9-B91D-87A8677CD692}.Release|x64.Build.0 = Release|x64
		{EACEE870-A658-4AD9-B91D-87A8677CD692}.Release|x86.ActiveCfg = Release|Win32
		{EACEE870-A658-4AD9-B91D-87A8677CD692}.Release|x86.Build.0 = Release|Win32
		{827389A0-7407-40A6-90E9-843BC327236D}.Debug|Any CPU.ActiveCfg = Debug|Win32
		{827389A0-7407-40A6-90E9-843BC327236D}.Debug|Win32.ActiveCfg = Debug|Win32
		{827389A0-7407-40A6-90E9-843BC327236D}.Debug|Win32.Build.0 = Debug|Win32
		{827389A0-7407-40A6-90E9-843BC327236D}.Debug|x64.ActiveCfg = Debug|x64
		{827389A0-7407-40A6-90E9-843BC327236D}.Debug|x64.Build.0 = Debug|x64
		{827389A0-7407-40A6-90E9-843BC327236D}.Debug|x86.ActiveCfg = Debug|Win32
		{827389A0-7407-40A6-90E9-843BC327236D}.Debug|x86.Build.0 = Debug|Win32
		{827389A0-7407-40A6-90E9-843BC327236D}.Release|Any CPU.ActiveCfg = Release|Win32
		{827389A0-7407-40A6-90E9-843BC327236D}.Release|Win32.ActiveCfg = Release|Win32
		{827389A0-7407-40A6-90E9-843BC327236D}.Release|Win32.Build.0 = Release|Win32
		{827389A0-7407-40A6-90E9-843BC327236D}.Release|x64.ActiveCfg = Release|x64
		{827389A0-7407-40A6-90E9-843BC327236D}.Release|x64.Build.0 = Release|x64
		{827389A0-7407-40A6-90E9-843BC327236D}.Release|x86.ActiveCfg = Release|Win32
		{827389A0-7407-40A6-90E9-843BC327236D}.Release|x86.Build.0 = Release|Win32
		{00E0DDED-B305-48A9-AC23-0A8B76B05F0D}.Debug|Any CPU.ActiveCfg = Debug|Win32
		{00E0DDED-B305-48A9-AC23-0A8B76B05F0D}.Debug|Win32.ActiveCfg = Debug|Win32
		{00E0DDED-B305-48A9-AC23-0A8B76B05F0D}.Debug|Win32.Build.0 = Debug|Win32
		{00E0DDED-B305-48A9-AC23-0A8B76B05F0D}.Debug|x64.ActiveCfg = Debug|x64
		{00E0DDED-B305-48A9-AC23-0A8B76B05F0D}.Debug|x64.Build.0 = Debug|x64
		{00E0DDED-B305-48A9-AC23-0A8B76B05F0D}.Debug|x86.ActiveCfg = Debug|Win32
		{00E0DDED-B305-48A9-AC23-0A8B76B05F0D}.Debug|x86.Build.0 = Debug|Win32
		{00E0DDED-B305-48A9-AC23-0A8B76B05F0D}.Release|Any CPU.ActiveCfg = Release|Win32
		{00E0DDED-B305-48A9-AC23-0A8B76B05F0D}.Release|Win32.ActiveCfg = Release|Win32
		{00E0DDED-B305-48A9-AC23-0A8B76B05F0D}.Release|Win32.Build.0 = Release|Win32
		{00E0DDED-B305-48A9-AC23-0A8B76B05F0D}.Release|x64.ActiveCfg = Release|x64
		{00E0DDED-B305-48A9-AC23-0A8B76B05F0D}.Release|x64.Build.0 = Release|x64
		{00E0DDED-B305-48A9-AC23-0A8B76B05F0D}.Release|x86.ActiveCfg = Release|Win32
		{00E0DDED-B305-48A9-AC23-0A8B76B05F0D}.Release|x86.Build.0 = Release|Win32
		{35AA1B79-3DFF-33C0-B9DF-CA7848C19698}.Debug|Any CPU.ActiveCfg = Debug|Win32
		{35AA1B79-3DFF-33C0-B9DF-CA7848C19698}.Debug|Win32.ActiveCfg = Debug|Win32
		{35AA1B79-3DFF-33C0-B9DF-CA7848C19698}.Debug|Win32.Build.0 = Debug|Win32
		{35AA1B79-3DFF-33C0-B9DF-CA7848C19698}.Debug|x64.ActiveCfg = Debug|x64
		{35AA1B79-3DFF-33C0-B9DF-CA7848C19698}.Debug|x64.Build.0 = Debug|x64
		{35AA1B79-3DFF-33C0-B9DF-CA7848C19698}.Debug|x86.ActiveCfg = Debug|Win32
		{35AA1B79-3DFF-33C0-B9DF-CA7848C19698}.Debug|x86.Build.0 = Debug|Win32
		{35AA1B79-3DFF-33C0-B9DF-CA7848C19698}.Release|Any CPU.ActiveCfg = Release|Win32
		{35AA1B79-3DFF-33C0-B9DF-CA7848C19698}.Release|Win32.ActiveCfg = Release|Win32
		{35AA1B79-3DFF-33C0-B9DF-CA7848C19698}.Release|Win32.Build.0 = Release|Win32
		{35AA1B79-3DFF-33C0-B9DF-CA7848C19698}.Release|x64.ActiveCfg = Release|x64
		{35AA1B79-3DFF-33C0-B9DF-CA7848C19698}.Release|x64.Build.0 = Release|x64
		{35AA1B79-3DFF-33C0-B9DF-CA7848C19698}.Release|x86.ActiveCfg = Release|Win32
		{35AA1B79-3DFF-33C0-B9DF-CA7848C19698}.Release|x86.Build.0 = Release|Win32
		{0976135A-CDBA-45B7-A63D-E0BADF1F3E37}.Debug|Any CPU.ActiveCfg = Debug|Win32
		{0976135A-CDBA-45B7-A63D-E0BADF1F3E37}.Debug|Win32.ActiveCfg = Debug|Win32
		{0976135A-CDBA-45B7-A63D-E0BADF1F3E37}.Debug|Win32.Build.0 = Debug|Win32
		{0976135A-CDBA-45B7-A63D-E0BADF1F3E37}.Debug|x64.ActiveCfg = Debug|x64
		{0976135A-CDBA-45B7-A63D-E0BADF1F3E37}.Debug|x64.Build.0 = Debug|x64
		{0976135A-CDBA-45B7-A63D-E0BADF1F3E37}.Debug|x86.ActiveCfg = Debug|Win32
		{0976135A-CDBA-45B7-A63D-E0BADF1F3E37}.Debug|x86.Build.0 = Debug|Win32
		{0976135A-CDBA-45B7-A63D-E0BADF1F3E37}.Release|Any CPU.ActiveCfg = Release|Win32
		{0976135A-CDBA-45B7-A63D-E0BADF1F3E37}.Release|Win32.ActiveCfg = Release|Win32
		{0976135A-CDBA-45B7-A63D-E0BADF1F3E37}.Release|Win32.Build.0 = Release|Win32
		{0976135A-CDBA-45B7-A63D-E0BADF1F3E37}.Release|x64.ActiveCfg = Release|x64
		{0976135A-CDBA-45B7-A63D-E0BADF1F3E37}.Release|x64.Build.0 = Release|x64
		{0976135A-CDBA-45B7-A63D-E0BADF1F3E37}.Release|x86.ActiveCfg = Release|Win32
		{0976135A-CDBA-45B7-A63D-E0BADF1F3E37}.Release|x86.Build.0 = Release|Win32
		{25E0FAA7-D6A2-4F1E-A2A4-8A356DF93701}.Debug|Any CPU.ActiveCfg = Debug|Any CPU
		{25E0FAA7-D6A2-4F1E-A2A4-8A356DF93701}.Debug|Any CPU.Build.0 = Debug|Any CPU
		{25E0FAA7-D6A2-4F1E-A2A4-8A356DF93701}.Debug|Win32.ActiveCfg = Debug|Any CPU
		{25E0FAA7-D6A2-4F1E-A2A4-8A356DF93701}.Debug|Win32.Build.0 = Debug|Any CPU
		{25E0FAA7-D6A2-4F1E-A2A4-8A356DF93701}.Debug|x64.ActiveCfg = Debug|Any CPU
		{25E0FAA7-D6A2-4F1E-A2A4-8A356DF93701}.Debug|x64.Build.0 = Debug|Any CPU
		{25E0FAA7-D6A2-4F1E-A2A4-8A356DF93701}.Debug|x86.ActiveCfg = Debug|Any CPU
		{25E0FAA7-D6A2-4F1E-A2A4-8A356DF93701}.Debug|x86.Build.0 = Debug|Any CPU
		{25E0FAA7-D6A2-4F1E-A2A4-8A356DF93701}.Release|Any CPU.ActiveCfg = Release|Any CPU
		{25E0FAA7-D6A2-4F1E-A2A4-8A356DF93701}.Release|Any CPU.Build.0 = Release|Any CPU
		{25E0FAA7-D6A2-4F1E-A2A4-8A356DF93701}.Release|Win32.ActiveCfg = Release|Any CPU
		{25E0FAA7-D6A2-4F1E-A2A4-8A356DF93701}.Release|Win32.Build.0 = Release|Any CPU
		{25E0FAA7-D6A2-4F1E-A2A4-8A356DF93701}.Release|x64.ActiveCfg = Release|Any CPU
		{25E0FAA7-D6A2-4F1E-A2A4-8A356DF93701}.Release|x64.Build.0 = Release|Any CPU
		{25E0FAA7-D6A2-4F1E-A2A4-8A356DF93701}.Release|x86.ActiveCfg = Release|Any CPU
		{25E0FAA7-D6A2-4F1E-A2A4-8A356DF93701}.Release|x86.Build.0 = Release|Any CPU
		{2B5D8C36-3E1F-4795-93CB-BAA462614223}.Debug|Any CPU.ActiveCfg = Debug|Win32
		{2B5D8C36-3E1F-4795-93CB-BAA462614223}.Debug|Win32.ActiveCfg = Debug|Win32
		{2B5D8C36-3E1F-4795-93CB-BAA462614223}.Debug|x64.ActiveCfg = Debug|x64
		{2B5D8C36-3E1F-4795-93CB-BAA462614223}.Debug|x64.Build.0 = Debug|x64
		{2B5D8C36-3E1F-4795-93CB-BAA462614223}.Debug|x86.ActiveCfg = Debug|Win32
		{2B5D8C36-3E1F-4795-93CB-BAA462614223}.Debug|x86.Build.0 = Debug|Win32
		{2B5D8C36-3E1F-4795-93CB-BAA462614223}.Release|Any CPU.ActiveCfg = Release|Win32
		{2B5D8C36-3E1F-4795-93CB-BAA462614223}.Release|Win32.ActiveCfg = Release|Win32
		{2B5D8C36-3E1F-4795-93CB-BAA462614223}.Release|x64.ActiveCfg = Release|x64
		{2B5D8C36-3E1F-4795-93CB-BAA462614223}.Release|x64.Build.0 = Release|x64
		{2B5D8C36-3E1F-4795-93CB-BAA462614223}.Release|x86.ActiveCfg = Release|Win32
		{2B5D8C36-3E1F-4795-93CB-BAA462614223}.Release|x86.Build.0 = Release|Win32
		{A4BD3E42-5B0E-4E1A-86D1-6CF2F8DB97C1}.Debug|Any CPU.ActiveCfg = Debug|Win32
		{A4BD3E42-5B0E-4E1A-86D1-6CF2F8DB97C1}.Debug|Win32.ActiveCfg = Debug|Win32
		{A4BD3E42-5B0E-4E1A-86D1-6CF2F8DB97C1}.Debug|x64.ActiveCfg = Debug|x64
		{A4BD3E42-5B0E-4E1A-86D1-6CF2F8DB97C1}.Debug|x64.Build.0 = Debug|x64
		{A4BD3E42-5B0E-4E1A-86D1-6CF2F8DB97C1}.Debug|x86.ActiveCfg = Debug|Win32
		{A4BD3E42-5B0E-4E1A-86D1-6CF2F8DB97C1}.Debug|x86.Build.0 = Debug|Win32
		{A4BD3E42-5B0E-4E1A-86D1-6CF2F8DB97C1}.Release|Any CPU.ActiveCfg = Release|Win32
		{A4BD3E42-5B0E-4E1A-86D1-6CF2F8DB97C1}.Release|Win32.ActiveCfg = Release|Win32
		{A4BD3E42-5B0E-4E1A-86D1-6CF2F8DB97C1}.Release|x64.ActiveCfg = Release|x64
		{A4BD3E42-5B0E-4E1A-86D1-6CF2F8DB97C1}.Release|x64.Build.0 = Release|x64
		{A4BD3E42-5B0E-4E1A-86D1-6CF2F8DB97C1}.Release|x86.ActiveCfg = Release|Win32
		{A4BD3E42-5B0E-4E1A-86D1-6CF2F8DB97C1}.Release|x86.Build.0 = Release|Win32
		{8178D7AF-1009-4E15-9BFB-38DFA0EDD69B}.Debug|Any CPU.ActiveCfg = Debug|Win32
		{8178D7AF-1009-4E15-9BFB-38DFA0EDD69B}.Debug|Win32.ActiveCfg = Debug|Win32
		{8178D7AF-1009-4E15-9BFB-38DFA0EDD69B}.Debug|Win32.Build.0 = Debug|Win32
		{8178D7AF-1009-4E15-9BFB-38DFA0EDD69B}.Debug|x64.ActiveCfg = Debug|x64
		{8178D7AF-1009-4E15-9BFB-38DFA0EDD69B}.Debug|x64.Build.0 = Debug|x64
		{8178D7AF-1009-4E15-9BFB-38DFA0EDD69B}.Debug|x86.ActiveCfg = Debug|Win32
		{8178D7AF-1009-4E15-9BFB-38DFA0EDD69B}.Debug|x86.Build.0 = Debug|Win32
		{8178D7AF-1009-4E15-9BFB-38DFA0EDD69B}.Release|Any CPU.ActiveCfg = Release|Win32
		{8178D7AF-1009-4E15-9BFB-38DFA0EDD69B}.Release|Win32.ActiveCfg = Release|Win32
		{8178D7AF-1009-4E15-9BFB-38DFA0EDD69B}.Release|Win32.Build.0 = Release|Win32
		{8178D7AF-1009-4E15-9BFB-38DFA0EDD69B}.Release|x64.ActiveCfg = Release|x64
		{8178D7AF-1009-4E15-9BFB-38DFA0EDD69B}.Release|x64.Build.0 = Release|x64
		{8178D7AF-1009-4E15-9BFB-38DFA0EDD69B}.Release|x86.ActiveCfg = Release|Win32
		{8178D7AF-1009-4E15-9BFB-38DFA0EDD69B}.Release|x86.Build.0 = Release|Win32
	EndGlobalSection
	GlobalSection(SolutionProperties) = preSolution
		HideSolutionNode = FALSE
	EndGlobalSection
	GlobalSection(ExtensibilityGlobals) = postSolution
		SolutionGuid = {0979955E-93D5-47BB-9A1B-5936441CAA82}
	EndGlobalSection
EndGlobal
