<?xml version="1.0" encoding="utf-8"?>
<Project ToolsVersion="15.0" xmlns="http://schemas.microsoft.com/developer/msbuild/2003">
  <ItemGroup>
    <ClCompile Include="..\..\server\event-driven\ga-hook-common.cpp" />
    <ClCompile Include="..\..\server\event-driven\ga-hook-coreaudio.cpp" />
    <ClCompile Include="..\..\module\gpa-hook\gpa-hook.cpp" />
    <ClCompile Include="..\..\module\gpa-hook\gpa-hook-directx.cpp" />
    <ClCompile Include="..\..\module\gpa-hook\gpa-hook-vulkan.cpp" />
  </ItemGroup>
  <ItemGroup>
    <None Include="DirectX-manifest">
      <Filter>gen</Filter>
    </None>
    <None Include="Vulkan-manifest">
      <Filter>gen</Filter>
    </None>
    <None Include="..\..\module\gpa-hook\directx-custom.json" />
    <None Include="..\..\module\gpa-hook\vulkan-custom.json" />
  </ItemGroup>
  <ItemGroup>
    <Filter Include="CMake Rules">
      <UniqueIdentifier>{CD7BF9F7-D654-3815-AB6E-99619712DC1B}</UniqueIdentifier>
    </Filter>
    <Filter Include="gen">
      <UniqueIdentifier>{03F518AA-BCB1-3D9C-B157-7820A6D2956C}</UniqueIdentifier>
    </Filter>
    <Filter Include="Header Files">
      <UniqueIdentifier>{36d304c7-575c-4142-934f-741af547b740}</UniqueIdentifier>
    </Filter>
  </ItemGroup>
  <ItemGroup>
    <Text Include="..\..\module\gpa-hook\CMakeLists.txt" />
  </ItemGroup>
  <ItemGroup>
    <ClInclude Include="..\..\server\event-driven\ga-hook-common.h">
      <Filter>Header Files</Filter>
    </ClInclude>
  </ItemGroup>
</Project>